
Microsoft Visual Studio Solution File, Format Version 12.00
# Visual Studio Version 16
VisualStudioVersion = 16.0.31105.61
MinimumVisualStudioVersion = 10.0.40219.1
Project("{FAE04EC0-301F-11D3-BF4B-00C04F79EFBC}") = "WindowsFirewallOutboundNotifier", "WindowsFirewallOutboundNotifier\WindowsFirewallOutboundNotifier.csproj", "{1A38E5A3-0E7B-41AD-B01F-9031AAA360E8}"
EndProject
Global
	GlobalSection(SolutionConfigurationPlatforms) = preSolution
		Debug|Any CPU = Debug|Any CPU
		Release|Any CPU = Release|Any CPU
	EndGlobalSection
	GlobalSection(ProjectConfigurationPlatforms) = postSolution
		{1A38E5A3-0E7B-41AD-B01F-9031AAA360E8}.Debug|Any CPU.ActiveCfg = Debug|Any CPU
		{1A38E5A3-0E7B-41AD-B01F-9031AAA360E8}.Debug|Any CPU.Build.0 = Debug|Any CPU
		{1A38E5A3-0E7B-41AD-B01F-9031AAA360E8}.Release|Any CPU.ActiveCfg = Release|Any CPU
		{1A38E5A3-0E7B-41AD-B01F-9031AAA360E8}.Release|Any CPU.Build.0 = Release|Any CPU
	EndGlobalSection
	GlobalSection(SolutionProperties) = preSolution
		HideSolutionNode = FALSE
	EndGlobalSection
	GlobalSection(ExtensibilityGlobals) = postSolution
		SolutionGuid = {01824200-8625-43C1-8655-2A634B712871}
	EndGlobalSection
EndGlobal
